
Microsoft Visual Studio Solution File, Format Version 12.00
# Visual Studio Version 16
VisualStudioVersion = 16.0.30320.27
MinimumVisualStudioVersion = 10.0.40219.1
Project("{FAE04EC0-301F-11D3-BF4B-00C04F79EFBC}") = "ang", "ang\ang.csproj", "{145708F7-A36E-4FA5-94F4-B540866693AD}"
EndProject
Global
	GlobalSection(SolutionConfigurationPlatforms) = preSolution
		Debug|Any CPU = Debug|Any CPU
		Release|Any CPU = Release|Any CPU
	EndGlobalSection
	GlobalSection(ProjectConfigurationPlatforms) = postSolution
		{145708F7-A36E-4FA5-94F4-B540866693AD}.Debug|Any CPU.ActiveCfg = Debug|Any CPU
		{145708F7-A36E-4FA5-94F4-B540866693AD}.Debug|Any CPU.Build.0 = Debug|Any CPU
		{145708F7-A36E-4FA5-94F4-B540866693AD}.Release|Any CPU.ActiveCfg = Release|Any CPU
		{145708F7-A36E-4FA5-94F4-B540866693AD}.Release|Any CPU.Build.0 = Release|Any CPU
	EndGlobalSection
	GlobalSection(SolutionProperties) = preSolution
		HideSolutionNode = FALSE
	EndGlobalSection
	GlobalSection(ExtensibilityGlobals) = postSolution
		SolutionGuid = {176A61EA-D2CF-4D06-BA1E-56E10BCD51F4}
	EndGlobalSection
EndGlobal
